
Microsoft Visual Studio Solution File, Format Version 12.00
# Visual Studio Version 17
VisualStudioVersion = 17.1.32328.378
MinimumVisualStudioVersion = 10.0.40219.1
Project("{9A19103F-16F7-4668-BE54-9A1E7A4F7556}") = "RssFeedAggregator", "NewsAggregator\RssFeedAggregator.csproj", "{48E171BA-11B7-4FD0-9B87-2C766BCDEF5D}"
EndProject
Project("{9A19103F-16F7-4668-BE54-9A1E7A4F7556}") = "RssFeedAggregatorTests", "NewsAggregatorTests\RssFeedAggregatorTests.csproj", "{F3481BFA-45E4-44C6-A336-22E3529F628C}"
	ProjectSection(ProjectDependencies) = postProject
		{48E171BA-11B7-4FD0-9B87-2C766BCDEF5D} = {48E171BA-11B7-4FD0-9B87-2C766BCDEF5D}
	EndProjectSection
EndProject
Global
	GlobalSection(SolutionConfigurationPlatforms) = preSolution
		Debug|Any CPU = Debug|Any CPU
		Release|Any CPU = Release|Any CPU
	EndGlobalSection
	GlobalSection(ProjectConfigurationPlatforms) = postSolution
		{48E171BA-11B7-4FD0-9B87-2C766BCDEF5D}.Debug|Any CPU.ActiveCfg = Debug|Any CPU
		{48E171BA-11B7-4FD0-9B87-2C766BCDEF5D}.Debug|Any CPU.Build.0 = Debug|Any CPU
		{48E171BA-11B7-4FD0-9B87-2C766BCDEF5D}.Release|Any CPU.ActiveCfg = Release|Any CPU
		{48E171BA-11B7-4FD0-9B87-2C766BCDEF5D}.Release|Any CPU.Build.0 = Release|Any CPU
		{F3481BFA-45E4-44C6-A336-22E3529F628C}.Debug|Any CPU.ActiveCfg = Debug|Any CPU
		{F3481BFA-45E4-44C6-A336-22E3529F628C}.Debug|Any CPU.Build.0 = Debug|Any CPU
		{F3481BFA-45E4-44C6-A336-22E3529F628C}.Release|Any CPU.ActiveCfg = Release|Any CPU
		{F3481BFA-45E4-44C6-A336-22E3529F628C}.Release|Any CPU.Build.0 = Release|Any CPU
	EndGlobalSection
	GlobalSection(SolutionProperties) = preSolution
		HideSolutionNode = FALSE
	EndGlobalSection
	GlobalSection(ExtensibilityGlobals) = postSolution
		SolutionGuid = {4BA127F7-A08D-49F2-973B-47B46F29D09B}
	EndGlobalSection
EndGlobal
